
Microsoft Visual Studio Solution File, Format Version 12.00
# Visual Studio Version 16
VisualStudioVersion = 16.0.30621.155
MinimumVisualStudioVersion = 10.0.40219.1
Project("{FAE04EC0-301F-11D3-BF4B-00C04F79EFBC}") = "EshopSolution", "EshopSolution\EshopSolution.csproj", "{6FC76B36-A1A9-4859-A460-D9DA2A047748}"
EndProject
Global
	GlobalSection(SolutionConfigurationPlatforms) = preSolution
		Debug|Any CPU = Debug|Any CPU
		Release|Any CPU = Release|Any CPU
	EndGlobalSection
	GlobalSection(ProjectConfigurationPlatforms) = postSolution
		{6FC76B36-A1A9-4859-A460-D9DA2A047748}.Debug|Any CPU.ActiveCfg = Debug|Any CPU
		{6FC76B36-A1A9-4859-A460-D9DA2A047748}.Debug|Any CPU.Build.0 = Debug|Any CPU
		{6FC76B36-A1A9-4859-A460-D9DA2A047748}.Release|Any CPU.ActiveCfg = Release|Any CPU
		{6FC76B36-A1A9-4859-A460-D9DA2A047748}.Release|Any CPU.Build.0 = Release|Any CPU
	EndGlobalSection
	GlobalSection(SolutionProperties) = preSolution
		HideSolutionNode = FALSE
	EndGlobalSection
	GlobalSection(ExtensibilityGlobals) = postSolution
		SolutionGuid = {4BF7A17C-9038-406E-91BC-7BB8C684EF7F}
	EndGlobalSection
EndGlobal
